{
  "lockfileVersion": 1,
  "configVersion": 1,
  "workspaces": {
    "": {
      "dependencies": {
        "@fortawesome/fontawesome-free": "^7.1.0",
      },
    },
  },
  "packages": {
    "@fortawesome/fontawesome-free": ["@fortawesome/fontawesome-free@7.1.0", "", {}, "sha512-+WxNld5ZCJHvPQCr/GnzCTVREyStrAJjisUPtUxG5ngDA8TMlPnKp6dddlTpai4+1GNmltAeuk1hJEkBohwZYA=="],
  }
}
